lockfileVersion: '9.0'

settings:
  autoInstallPeers: true
  excludeLinksFromLockfile: false

importers:

  .:
    devDependencies:
      '@types/node':
        specifier: ^24.6.0
        version: 24.12.0
      rimraf:
        specifier: ^6.1.0
        version: 6.1.3
      typescript:
        specifier: ^5.9.3
        version: 5.9.3

  apps/local-hub:
    dependencies:
      '@airi-client-mod/airi-ws-bridge':
        specifier: workspace:*
        version: link:../../packages/airi-ws-bridge
      '@airi-client-mod/hub-ingress-ws':
        specifier: workspace:*
        version: link:../../packages/hub-ingress-ws
      '@airi-client-mod/hub-runtime':
        specifier: workspace:*
        version: link:../../packages/hub-runtime

  packages/airi-ws-bridge:
    dependencies:
      '@airi-client-mod/hub-runtime':
        specifier: workspace:*
        version: link:../hub-runtime

  packages/hub-ingress-ws:
    dependencies:
      '@airi-client-mod/hub-runtime':
        specifier: workspace:*
        version: link:../hub-runtime
      crossws:
        specifier: ^0.4.4
        version: 0.4.4(srvx@0.11.12)
      h3:
        specifier: ^2.0.1-rc.14
        version: 2.0.1-rc.17(crossws@0.4.4(srvx@0.11.12))

  packages/hub-runtime: {}

packages:

  '@types/node@24.12.0':
    resolution: {integrity: sha512-GYDxsZi3ChgmckRT9HPU0WEhKLP08ev/Yfcq2AstjrDASOYCSXeyjDsHg4v5t4jOj7cyDX3vmprafKlWIG9MXQ==}

  balanced-match@4.0.4:
    resolution: {integrity: sha512-BLrgEcRTwX2o6gGxGOCNyMvGSp35YofuYzw9h1IMTRmKqttAZZVU67bdb9Pr2vUHA8+j3i2tJfjO6C6+4myGTA==}
    engines: {node: 18 || 20 || >=22}

  brace-expansion@5.0.4:
    resolution: {integrity: sha512-h+DEnpVvxmfVefa4jFbCf5HdH5YMDXRsmKflpf1pILZWRFlTbJpxeU55nJl4Smt5HQaGzg1o6RHFPJaOqnmBDg==}
    engines: {node: 18 || 20 || >=22}

  crossws@0.4.4:
    resolution: {integrity: sha512-w6c4OdpRNnudVmcgr7brb/+/HmYjMQvYToO/oTrprTwxRUiom3LYWU1PMWuD006okbUWpII1Ea9/+kwpUfmyRg==}
    peerDependencies:
      srvx: '>=0.7.1'
    peerDependenciesMeta:
      srvx:
        optional: true

  glob@13.0.6:
    resolution: {integrity: sha512-Wjlyrolmm8uDpm/ogGyXZXb1Z+Ca2B8NbJwqBVg0axK9GbBeoS7yGV6vjXnYdGm6X53iehEuxxbyiKp8QmN4Vw==}
    engines: {node: 18 || 20 || >=22}

  h3@2.0.1-rc.17:
    resolution: {integrity: sha512-9rPJs68qMj7HJH78z7uSIAw6rl3EElLdVSirTeAf6B5ogwiFVIr9AKMMS4u00Gp8DYIPnnjtw3ZWN7EkYcPBrQ==}
    engines: {node: '>=20.11.1'}
    hasBin: true
    peerDependencies:
      crossws: ^0.4.1
    peerDependenciesMeta:
      crossws:
        optional: true

  lru-cache@11.2.7:
    resolution: {integrity: sha512-aY/R+aEsRelme17KGQa/1ZSIpLpNYYrhcrepKTZgE+W3WM16YMCaPwOHLHsmopZHELU0Ojin1lPVxKR0MihncA==}
    engines: {node: 20 || >=22}

  minimatch@10.2.4:
    resolution: {integrity: sha512-oRjTw/97aTBN0RHbYCdtF1MQfvusSIBQM0IZEgzl6426+8jSC0nF1a/GmnVLpfB9yyr6g6FTqWqiZVbxrtaCIg==}
    engines: {node: 18 || 20 || >=22}

  minipass@7.1.3:
    resolution: {integrity: sha512-tEBHqDnIoM/1rXME1zgka9g6Q2lcoCkxHLuc7ODJ5BxbP5d4c2Z5cGgtXAku59200Cx7diuHTOYfSBD8n6mm8A==}
    engines: {node: '>=16 || 14 >=14.17'}

  package-json-from-dist@1.0.1:
    resolution: {integrity: sha512-UEZIS3/by4OC8vL3P2dTXRETpebLI2NiI5vIrjaD/5UtrkFX/tNbwjTSRAGC/+7CAo2pIcBaRgWmcBBHcsaCIw==}

  path-scurry@2.0.2:
    resolution: {integrity: sha512-3O/iVVsJAPsOnpwWIeD+d6z/7PmqApyQePUtCndjatj/9I5LylHvt5qluFaBT3I5h3r1ejfR056c+FCv+NnNXg==}
    engines: {node: 18 || 20 || >=22}

  rimraf@6.1.3:
    resolution: {integrity: sha512-LKg+Cr2ZF61fkcaK1UdkH2yEBBKnYjTyWzTJT6KNPcSPaiT7HSdhtMXQuN5wkTX0Xu72KQ1l8S42rlmexS2hSA==}
    engines: {node: 20 || >=22}
    hasBin: true

  rou3@0.8.1:
    resolution: {integrity: sha512-ePa+XGk00/3HuCqrEnK3LxJW7I0SdNg6EFzKUJG73hMAdDcOUC/i/aSz7LSDwLrGr33kal/rqOGydzwl6U7zBA==}

  srvx@0.11.12:
    resolution: {integrity: sha512-AQfrGqntqVPXgP03pvBDN1KyevHC+KmYVqb8vVf4N+aomQqdhaZxjvoVp+AOm4u6x+GgNQY3MVzAUIn+TqwkOA==}
    engines: {node: '>=20.16.0'}
    hasBin: true

  typescript@5.9.3:
    resolution: {integrity: sha512-jl1vZzPDinLr9eUt3J/t7V6FgNEw9QjvBPdysz9KfQDD41fQrC2Y4vKQdiaUpFT4bXlb1RHhLpp8wtm6M5TgSw==}
    engines: {node: '>=14.17'}
    hasBin: true

  undici-types@7.16.0:
    resolution: {integrity: sha512-Zz+aZWSj8LE6zoxD+xrjh4VfkIG8Ya6LvYkZqtUQGJPZjYl53ypCaUwWqo7eI0x66KBGeRo+mlBEkMSeSZ38Nw==}

snapshots:

  '@types/node@24.12.0':
    dependencies:
      undici-types: 7.16.0

  balanced-match@4.0.4: {}

  brace-expansion@5.0.4:
    dependencies:
      balanced-match: 4.0.4

  crossws@0.4.4(srvx@0.11.12):
    optionalDependencies:
      srvx: 0.11.12

  glob@13.0.6:
    dependencies:
      minimatch: 10.2.4
      minipass: 7.1.3
      path-scurry: 2.0.2

  h3@2.0.1-rc.17(crossws@0.4.4(srvx@0.11.12)):
    dependencies:
      rou3: 0.8.1
      srvx: 0.11.12
    optionalDependencies:
      crossws: 0.4.4(srvx@0.11.12)

  lru-cache@11.2.7: {}

  minimatch@10.2.4:
    dependencies:
      brace-expansion: 5.0.4

  minipass@7.1.3: {}

  package-json-from-dist@1.0.1: {}

  path-scurry@2.0.2:
    dependencies:
      lru-cache: 11.2.7
      minipass: 7.1.3

  rimraf@6.1.3:
    dependencies:
      glob: 13.0.6
      package-json-from-dist: 1.0.1

  rou3@0.8.1: {}

  srvx@0.11.12: {}

  typescript@5.9.3: {}

  undici-types@7.16.0: {}
